
Microsoft Visual Studio Solution File, Format Version 12.00
# Visual Studio Version 17
VisualStudioVersion = 17.7.34202.233
MinimumVisualStudioVersion = 10.0.40219.1
Project("{9A19103F-16F7-4668-BE54-9A1E7A4F7556}") = "BlogFinalTask.Web", "BlogFinalTask.Web\BlogFinalTask.Web.csproj", "{EE8325D9-C568-4608-A77C-50F7EFF2989E}"
	ProjectSection(ProjectDependencies) = postProject
		{3E6A0C4B-2A73-4FE7-9D7F-366C9628ABB1} = {3E6A0C4B-2A73-4FE7-9D7F-366C9628ABB1}
		{9B2D1A49-4DF0-4E04-B87F-1FC81C786968} = {9B2D1A49-4DF0-4E04-B87F-1FC81C786968}
	EndProjectSection
EndProject
Project("{FAE04EC0-301F-11D3-BF4B-00C04F79EFBC}") = "BlogFinalTask.Data", "BlogFinalTask.Data\BlogFinalTask.Data.csproj", "{9B2D1A49-4DF0-4E04-B87F-1FC81C786968}"
EndProject
Project("{FAE04EC0-301F-11D3-BF4B-00C04F79EFBC}") = "BlogFinalTask.Services", "BlogFinalTask.Services\BlogFinalTask.Services.csproj", "{3E6A0C4B-2A73-4FE7-9D7F-366C9628ABB1}"
EndProject
Global
	GlobalSection(SolutionConfigurationPlatforms) = preSolution
		Debug|Any CPU = Debug|Any CPU
		Release|Any CPU = Release|Any CPU
	EndGlobalSection
	GlobalSection(ProjectConfigurationPlatforms) = postSolution
		{EE8325D9-C568-4608-A77C-50F7EFF2989E}.Debug|Any CPU.ActiveCfg = Debug|Any CPU
		{EE8325D9-C568-4608-A77C-50F7EFF2989E}.Debug|Any CPU.Build.0 = Debug|Any CPU
		{EE8325D9-C568-4608-A77C-50F7EFF2989E}.Release|Any CPU.ActiveCfg = Release|Any CPU
		{EE8325D9-C568-4608-A77C-50F7EFF2989E}.Release|Any CPU.Build.0 = Release|Any CPU
		{9B2D1A49-4DF0-4E04-B87F-1FC81C786968}.Debug|Any CPU.ActiveCfg = Debug|Any CPU
		{9B2D1A49-4DF0-4E04-B87F-1FC81C786968}.Debug|Any CPU.Build.0 = Debug|Any CPU
		{9B2D1A49-4DF0-4E04-B87F-1FC81C786968}.Release|Any CPU.ActiveCfg = Release|Any CPU
		{9B2D1A49-4DF0-4E04-B87F-1FC81C786968}.Release|Any CPU.Build.0 = Release|Any CPU
		{3E6A0C4B-2A73-4FE7-9D7F-366C9628ABB1}.Debug|Any CPU.ActiveCfg = Debug|Any CPU
		{3E6A0C4B-2A73-4FE7-9D7F-366C9628ABB1}.Debug|Any CPU.Build.0 = Debug|Any CPU
		{3E6A0C4B-2A73-4FE7-9D7F-366C9628ABB1}.Release|Any CPU.ActiveCfg = Release|Any CPU
		{3E6A0C4B-2A73-4FE7-9D7F-366C9628ABB1}.Release|Any CPU.Build.0 = Release|Any CPU
	EndGlobalSection
	GlobalSection(SolutionProperties) = preSolution
		HideSolutionNode = FALSE
	EndGlobalSection
	GlobalSection(ExtensibilityGlobals) = postSolution
		SolutionGuid = {8EE4B381-D9B9-47FD-A5EC-A8393BE5EFC0}
	EndGlobalSection
EndGlobal
